// !$*UTF8*$!
{
	archiveVersion = 1;
	classes = {
	};
	objectVersion = 56;
	objects = {

/* Begin PBXBuildFile section */
		3F24B5B52C37E83A00FEADFA /* RewardView.swift in Sources */ = {isa = PBXBuildFile; fileRef = 3F24B5B42C37E83A00FEADFA /* RewardView.swift */; };
		3F59B81C2C670E8D00AFB700 /* LinkView.swift in Sources */ = {isa = PBXBuildFile; fileRef = 3F59B81B2C670E8D00AFB700 /* LinkView.swift */; };
		3F59B81E2C6710E500AFB700 /* LifeView.swift in Sources */ = {isa = PBXBuildFile; fileRef = 3F59B81D2C6710E500AFB700 /* LifeView.swift */; };
		3F59B8202C67187300AFB700 /* AboutView.swift in Sources */ = {isa = PBXBuildFile; fileRef = 3F59B81F2C67187300AFB700 /* AboutView.swift */; };
		3F59B8222C67198100AFB700 /* TrafficView.swift in Sources */ = {isa = PBXBuildFile; fileRef = 3F59B8212C67198100AFB700 /* TrafficView.swift */; };
		3F59B8252C671AB300AFB700 /* extention.swift in Sources */ = {isa = PBXBuildFile; fileRef = 3F59B8242C671AB300AFB700 /* extention.swift */; };
		3F59B8272C671B6B00AFB700 /* BackTrafficView.swift in Sources */ = {isa = PBXBuildFile; fileRef = 3F59B8262C671B6B00AFB700 /* BackTrafficView.swift */; };
		3F59B82A2C67987B00AFB700 /* TimeTableView.swift in Sources */ = {isa = PBXBuildFile; fileRef = 3F59B8292C67987B00AFB700 /* TimeTableView.swift */; };
		3F59B82C2C6798F000AFB700 /* CourseData.swift in Sources */ = {isa = PBXBuildFile; fileRef = 3F59B82B2C6798F000AFB700 /* CourseData.swift */; };
		3F59B82E2C6799D600AFB700 /* CourseFormView.swift in Sources */ = {isa = PBXBuildFile; fileRef = 3F59B82D2C6799D600AFB700 /* CourseFormView.swift */; };
		3F59B8312C679AC400AFB700 /* CourseGridView.swift in Sources */ = {isa = PBXBuildFile; fileRef = 3F59B8302C679AC400AFB700 /* CourseGridView.swift */; };
		3F59B8362C69F2E200AFB700 /* CalendarKit in Frameworks */ = {isa = PBXBuildFile; productRef = 3F59B8352C69F2E200AFB700 /* CalendarKit */; };
		3F8B9F702C70CCA4007BF30B /* CoreDataManager.swift in Sources */ = {isa = PBXBuildFile; fileRef = 3F8B9F6F2C70CCA4007BF30B /* CoreDataManager.swift */; };
		3F8B9F732C70CD3E007BF30B /* CourseModel.xcdatamodeld in Sources */ = {isa = PBXBuildFile; fileRef = 3F8B9F712C70CD3E007BF30B /* CourseModel.xcdatamodeld */; };
		3F8B9F7E2C70D8D5007BF30B /* CourseEntity+CoreDataClass.swift in Sources */ = {isa = PBXBuildFile; fileRef = 3F8B9F7C2C70D8D5007BF30B /* CourseEntity+CoreDataClass.swift */; };
		3F8B9F7F2C70D8D5007BF30B /* CourseEntity+CoreDataProperties.swift in Sources */ = {isa = PBXBuildFile; fileRef = 3F8B9F7D2C70D8D5007BF30B /* CourseEntity+CoreDataProperties.swift */; };
		3F8B9F872C759762007BF30B /* WidgetKit.framework in Frameworks */ = {isa = PBXBuildFile; fileRef = 3F8B9F862C759762007BF30B /* WidgetKit.framework */; };
		3F8B9F892C759762007BF30B /* SwiftUI.framework in Frameworks */ = {isa = PBXBuildFile; fileRef = 3F8B9F882C759762007BF30B /* SwiftUI.framework */; };
		3F8B9F8C2C759762007BF30B /* NextCourseWidgetBundle.swift in Sources */ = {isa = PBXBuildFile; fileRef = 3F8B9F8B2C759762007BF30B /* NextCourseWidgetBundle.swift */; };
		3F8B9F8E2C759762007BF30B /* NextCourseWidget.swift in Sources */ = {isa = PBXBuildFile; fileRef = 3F8B9F8D2C759762007BF30B /* NextCourseWidget.swift */; };
		3F8B9F902C759765007BF30B /* Assets.xcassets in Resources */ = {isa = PBXBuildFile; fileRef = 3F8B9F8F2C759765007BF30B /* Assets.xcassets */; };
		3F8B9F942C759765007BF30B /* NextCourseWidgetExtension.appex in Embed Foundation Extensions */ = {isa = PBXBuildFile; fileRef = 3F8B9F842C759762007BF30B /* NextCourseWidgetExtension.appex */; settings = {ATTRIBUTES = (RemoveHeadersOnCopy, ); }; };
		3F8B9F9A2C75B0DD007BF30B /* CourseModel.xcdatamodeld in Sources */ = {isa = PBXBuildFile; fileRef = 3F8B9F712C70CD3E007BF30B /* CourseModel.xcdatamodeld */; };
		3F8B9F9B2C75B113007BF30B /* CourseEntity+CoreDataProperties.swift in Sources */ = {isa = PBXBuildFile; fileRef = 3F8B9F7D2C70D8D5007BF30B /* CourseEntity+CoreDataProperties.swift */; };
		3F8B9F9C2C75B116007BF30B /* CourseEntity+CoreDataClass.swift in Sources */ = {isa = PBXBuildFile; fileRef = 3F8B9F7C2C70D8D5007BF30B /* CourseEntity+CoreDataClass.swift */; };
		3F8F95062C290C25001A1697 /* NTPUOneApp.swift in Sources */ = {isa = PBXBuildFile; fileRef = 3F8F95052C290C25001A1697 /* NTPUOneApp.swift */; };
		3F8F95082C290C25001A1697 /* ContentView.swift in Sources */ = {isa = PBXBuildFile; fileRef = 3F8F95072C290C25001A1697 /* ContentView.swift */; };
		3F8F950A2C290C25001A1697 /* WebData.swift in Sources */ = {isa = PBXBuildFile; fileRef = 3F8F95092C290C25001A1697 /* WebData.swift */; };
		3F8F950C2C290C27001A1697 /* Assets.xcassets in Resources */ = {isa = PBXBuildFile; fileRef = 3F8F950B2C290C27001A1697 /* Assets.xcassets */; };
		3F8F950F2C290C27001A1697 /* Preview Assets.xcassets in Resources */ = {isa = PBXBuildFile; fileRef = 3F8F950E2C290C27001A1697 /* Preview Assets.xcassets */; };
		3F8F95162C290D5A001A1697 /* Constant.swift in Sources */ = {isa = PBXBuildFile; fileRef = 3F8F95152C290D5A001A1697 /* Constant.swift */; };
		3F8F95182C291146001A1697 /* WebDetailView.swift in Sources */ = {isa = PBXBuildFile; fileRef = 3F8F95172C291146001A1697 /* WebDetailView.swift */; };
		3F8F951A2C291401001A1697 /* WebView.swift in Sources */ = {isa = PBXBuildFile; fileRef = 3F8F95192C291401001A1697 /* WebView.swift */; };
		3F9062632C2929C900B9F24A /* UbikeManager.swift in Sources */ = {isa = PBXBuildFile; fileRef = 3F9062622C2929C900B9F24A /* UbikeManager.swift */; };
		3F9062662C294F8C00B9F24A /* UbikeData.swift in Sources */ = {isa = PBXBuildFile; fileRef = 3F9062652C294F8C00B9F24A /* UbikeData.swift */; };
		3F90626A2C29584D00B9F24A /* bikeView.swift in Sources */ = {isa = PBXBuildFile; fileRef = 3F9062692C29584D00B9F24A /* bikeView.swift */; };
		3F90626C2C296E3300B9F24A /* MoreBikeView.swift in Sources */ = {isa = PBXBuildFile; fileRef = 3F90626B2C296E3300B9F24A /* MoreBikeView.swift */; };
		3F9062702C2AA56200B9F24A /* WeatherData.swift in Sources */ = {isa = PBXBuildFile; fileRef = 3F90626F2C2AA56200B9F24A /* WeatherData.swift */; };
		3F9062732C2AB86700B9F24A /* WeatherManager.swift in Sources */ = {isa = PBXBuildFile; fileRef = 3F9062722C2AB86700B9F24A /* WeatherManager.swift */; };
		3F90627A2C2C09AE00B9F24A /* FirebaseAnalytics in Frameworks */ = {isa = PBXBuildFile; productRef = 3F9062792C2C09AE00B9F24A /* FirebaseAnalytics */; };
		3F90627C2C2C09AE00B9F24A /* FirebaseAnalyticsOnDeviceConversion in Frameworks */ = {isa = PBXBuildFile; productRef = 3F90627B2C2C09AE00B9F24A /* FirebaseAnalyticsOnDeviceConversion */; };
		3F90627E2C2C09AE00B9F24A /* FirebaseAnalyticsSwift in Frameworks */ = {isa = PBXBuildFile; productRef = 3F90627D2C2C09AE00B9F24A /* FirebaseAnalyticsSwift */; };
		3F9062802C2C09AE00B9F24A /* FirebaseAnalyticsWithoutAdIdSupport in Frameworks */ = {isa = PBXBuildFile; productRef = 3F90627F2C2C09AE00B9F24A /* FirebaseAnalyticsWithoutAdIdSupport */; };
		3F9062822C2C09AE00B9F24A /* FirebaseAppCheck in Frameworks */ = {isa = PBXBuildFile; productRef = 3F9062812C2C09AE00B9F24A /* FirebaseAppCheck */; };
		3F9062842C2C15A200B9F24A /* Order.swift in Sources */ = {isa = PBXBuildFile; fileRef = 3F9062832C2C15A200B9F24A /* Order.swift */; };
		3F9062862C2C18D300B9F24A /* FirebaseAppDistribution-Beta in Frameworks */ = {isa = PBXBuildFile; productRef = 3F9062852C2C18D300B9F24A /* FirebaseAppDistribution-Beta */; };
		3F9062882C2C18D300B9F24A /* FirebaseAuth in Frameworks */ = {isa = PBXBuildFile; productRef = 3F9062872C2C18D300B9F24A /* FirebaseAuth */; };
		3F90628A2C2C18D300B9F24A /* FirebaseAuthCombine-Community in Frameworks */ = {isa = PBXBuildFile; productRef = 3F9062892C2C18D300B9F24A /* FirebaseAuthCombine-Community */; };
		3F90628C2C2C18D300B9F24A /* FirebaseCrashlytics in Frameworks */ = {isa = PBXBuildFile; productRef = 3F90628B2C2C18D300B9F24A /* FirebaseCrashlytics */; };
		3F90628E2C2C18D300B9F24A /* FirebaseDatabase in Frameworks */ = {isa = PBXBuildFile; productRef = 3F90628D2C2C18D300B9F24A /* FirebaseDatabase */; };
		3F9062902C2C18D300B9F24A /* FirebaseDatabaseSwift in Frameworks */ = {isa = PBXBuildFile; productRef = 3F90628F2C2C18D300B9F24A /* FirebaseDatabaseSwift */; };
		3F9062922C2C18D300B9F24A /* FirebaseDynamicLinks in Frameworks */ = {isa = PBXBuildFile; productRef = 3F9062912C2C18D300B9F24A /* FirebaseDynamicLinks */; };
		3F9062942C2C18D300B9F24A /* FirebaseFirestore in Frameworks */ = {isa = PBXBuildFile; productRef = 3F9062932C2C18D300B9F24A /* FirebaseFirestore */; };
		3F9062962C2C18D300B9F24A /* FirebaseFirestoreCombine-Community in Frameworks */ = {isa = PBXBuildFile; productRef = 3F9062952C2C18D300B9F24A /* FirebaseFirestoreCombine-Community */; };
		3F9062982C2C18D300B9F24A /* FirebaseFirestoreSwift in Frameworks */ = {isa = PBXBuildFile; productRef = 3F9062972C2C18D300B9F24A /* FirebaseFirestoreSwift */; };
		3F90629A2C2C18D300B9F24A /* FirebaseFunctions in Frameworks */ = {isa = PBXBuildFile; productRef = 3F9062992C2C18D300B9F24A /* FirebaseFunctions */; };
		3F90629C2C2C18D300B9F24A /* FirebaseFunctionsCombine-Community in Frameworks */ = {isa = PBXBuildFile; productRef = 3F90629B2C2C18D300B9F24A /* FirebaseFunctionsCombine-Community */; };
		3F90629E2C2C18D300B9F24A /* FirebaseInAppMessaging-Beta in Frameworks */ = {isa = PBXBuildFile; productRef = 3F90629D2C2C18D300B9F24A /* FirebaseInAppMessaging-Beta */; };
		3F9062A02C2C18D300B9F24A /* FirebaseStorage in Frameworks */ = {isa = PBXBuildFile; productRef = 3F90629F2C2C18D300B9F24A /* FirebaseStorage */; };
		3F9062A62C2C290E00B9F24A /* FirebaseInAppMessagingSwift-Beta in Frameworks */ = {isa = PBXBuildFile; productRef = 3F9062A52C2C290E00B9F24A /* FirebaseInAppMessagingSwift-Beta */; };
		3F9062A82C2C290E00B9F24A /* FirebaseInstallations in Frameworks */ = {isa = PBXBuildFile; productRef = 3F9062A72C2C290E00B9F24A /* FirebaseInstallations */; };
		3F9062AA2C2C290E00B9F24A /* FirebaseMLModelDownloader in Frameworks */ = {isa = PBXBuildFile; productRef = 3F9062A92C2C290E00B9F24A /* FirebaseMLModelDownloader */; };
		3F9062AC2C2C290E00B9F24A /* FirebaseMessaging in Frameworks */ = {isa = PBXBuildFile; productRef = 3F9062AB2C2C290E00B9F24A /* FirebaseMessaging */; };
		3F9062AE2C2C290E00B9F24A /* FirebasePerformance in Frameworks */ = {isa = PBXBuildFile; productRef = 3F9062AD2C2C290E00B9F24A /* FirebasePerformance */; };
		3F9062B02C2C290E00B9F24A /* FirebaseRemoteConfig in Frameworks */ = {isa = PBXBuildFile; productRef = 3F9062AF2C2C290E00B9F24A /* FirebaseRemoteConfig */; };
		3F9062B22C2C290E00B9F24A /* FirebaseRemoteConfigSwift in Frameworks */ = {isa = PBXBuildFile; productRef = 3F9062B12C2C290E00B9F24A /* FirebaseRemoteConfigSwift */; };
		3F9062B42C2C290E00B9F24A /* FirebaseStorageCombine-Community in Frameworks */ = {isa = PBXBuildFile; productRef = 3F9062B32C2C290E00B9F24A /* FirebaseStorageCombine-Community */; };
		3F9062B62C2C290E00B9F24A /* FirebaseVertexAI-Preview in Frameworks */ = {isa = PBXBuildFile; productRef = 3F9062B52C2C290E00B9F24A /* FirebaseVertexAI-Preview */; };
		3F9062B92C2C507400B9F24A /* PrivacyPolicyView.swift in Sources */ = {isa = PBXBuildFile; fileRef = 3F9062B82C2C507400B9F24A /* PrivacyPolicyView.swift */; };
		3F9062BB2C2C515000B9F24A /* ContactMeView.swift in Sources */ = {isa = PBXBuildFile; fileRef = 3F9062BA2C2C515000B9F24A /* ContactMeView.swift */; };
		3F9062BD2C2C524B00B9F24A /* AddOrderView.swift in Sources */ = {isa = PBXBuildFile; fileRef = 3F9062BC2C2C524B00B9F24A /* AddOrderView.swift */; };
		3F9062C02C2C7D6800B9F24A /* BreakfastView.swift in Sources */ = {isa = PBXBuildFile; fileRef = 3F9062BF2C2C7D6800B9F24A /* BreakfastView.swift */; };
		3F9062C22C2CE70400B9F24A /* ReportBugView.swift in Sources */ = {isa = PBXBuildFile; fileRef = 3F9062C12C2CE70400B9F24A /* ReportBugView.swift */; };
		3F9062C42C2CE71600B9F24A /* FeaturesView.swift in Sources */ = {isa = PBXBuildFile; fileRef = 3F9062C32C2CE71600B9F24A /* FeaturesView.swift */; };
		3F9062C62C2CE8C000B9F24A /* LunchView.swift in Sources */ = {isa = PBXBuildFile; fileRef = 3F9062C52C2CE8C000B9F24A /* LunchView.swift */; };
		3F9062C82C2CE8CC00B9F24A /* dinnerView.swift in Sources */ = {isa = PBXBuildFile; fileRef = 3F9062C72C2CE8CC00B9F24A /* dinnerView.swift */; };
		3F9062CA2C2CE8EB00B9F24A /* MSVIew.swift in Sources */ = {isa = PBXBuildFile; fileRef = 3F9062C92C2CE8EB00B9F24A /* MSVIew.swift */; };
		3F9062CD2C2D0C9200B9F24A /* GoogleMobileAds in Frameworks */ = {isa = PBXBuildFile; productRef = 3F9062CC2C2D0C9200B9F24A /* GoogleMobileAds */; };
		3F9062D12C2D71A000B9F24A /* BannerView.swift in Sources */ = {isa = PBXBuildFile; fileRef = 3F9062D02C2D71A000B9F24A /* BannerView.swift */; };
		3F9062D32C2EB6C400B9F24A /* GoogleService-Info.plist in Resources */ = {isa = PBXBuildFile; fileRef = 3F9062D22C2EB6C400B9F24A /* GoogleService-Info.plist */; };
		3F9062D52C2EF79700B9F24A /* Launch Screen.storyboard in Resources */ = {isa = PBXBuildFile; fileRef = 3F9062D42C2EF79600B9F24A /* Launch Screen.storyboard */; };
		3F9062D72C32B3D100B9F24A /* dietView.swift in Sources */ = {isa = PBXBuildFile; fileRef = 3F9062D62C32B3D100B9F24A /* dietView.swift */; };
		3F9062D92C32BDC600B9F24A /* FManager.swift in Sources */ = {isa = PBXBuildFile; fileRef = 3F9062D82C32BDC600B9F24A /* FManager.swift */; };
		3F9062DC2C352D0500B9F24A /* AddStoreView.swift in Sources */ = {isa = PBXBuildFile; fileRef = 3F9062DB2C352D0500B9F24A /* AddStoreView.swift */; };
		3F945E412C39909100A37CB3 /* NativeAdView.swift in Sources */ = {isa = PBXBuildFile; fileRef = 3F945E402C39909100A37CB3 /* NativeAdView.swift */; };
		3FDF35612C86946900952C69 /* SwiftSoup in Frameworks */ = {isa = PBXBuildFile; productRef = 3FDF35602C86946900952C69 /* SwiftSoup */; };
		3FDF35632C86948F00952C69 /* CourseGet.swift in Sources */ = {isa = PBXBuildFile; fileRef = 3FDF35622C86948F00952C69 /* CourseGet.swift */; };
		3FDF35652C88A41600952C69 /* CourseYearManager.swift in Sources */ = {isa = PBXBuildFile; fileRef = 3FDF35642C88A41600952C69 /* CourseYearManager.swift */; };
		3FDF35672C8C82E200952C69 /* SchoolPostView.swift in Sources */ = {isa = PBXBuildFile; fileRef = 3FDF35662C8C82E200952C69 /* SchoolPostView.swift */; };
		3FDF35692C8D3CB300952C69 /* PostManager.swift in Sources */ = {isa = PBXBuildFile; fileRef = 3FDF35682C8D3CB300952C69 /* PostManager.swift */; };
		3FDF356B2C8D3FF800952C69 /* PostDetailView.swift in Sources */ = {isa = PBXBuildFile; fileRef = 3FDF356A2C8D3FF800952C69 /* PostDetailView.swift */; };
/* End PBXBuildFile section */

/* Begin PBXContainerItemProxy section */
		3F8B9F922C759765007BF30B /* PBXContainerItemProxy */ = {
			isa = PBXContainerItemProxy;
			containerPortal = 3F8F94FA2C290C25001A1697 /* Project object */;
			proxyType = 1;
			remoteGlobalIDString = 3F8B9F832C759762007BF30B;
			remoteInfo = NextCourseWidgetExtension;
		};
/* End PBXContainerItemProxy section */

/* Begin PBXCopyFilesBuildPhase section */
		3F8B9F982C759765007BF30B /* Embed Foundation Extensions */ = {
			isa = PBXCopyFilesBuildPhase;
			buildActionMask = 2147483647;
			dstPath = "";
			dstSubfolderSpec = 13;
			files = (
				3F8B9F942C759765007BF30B /* NextCourseWidgetExtension.appex in Embed Foundation Extensions */,
			);
			name = "Embed Foundation Extensions";
			runOnlyForDeploymentPostprocessing = 0;
		};
/* End PBXCopyFilesBuildPhase section */

/* Begin PBXFileReference section */
		3F24B5B42C37E83A00FEADFA /* RewardView.swift */ = {isa = PBXFileReference; lastKnownFileType = sourcecode.swift; path = RewardView.swift; sourceTree = "<group>"; };
		3F59B81B2C670E8D00AFB700 /* LinkView.swift */ = {isa = PBXFileReference; lastKnownFileType = sourcecode.swift; path = LinkView.swift; sourceTree = "<group>"; };
		3F59B81D2C6710E500AFB700 /* LifeView.swift */ = {isa = PBXFileReference; lastKnownFileType = sourcecode.swift; path = LifeView.swift; sourceTree = "<group>"; };
		3F59B81F2C67187300AFB700 /* AboutView.swift */ = {isa = PBXFileReference; lastKnownFileType = sourcecode.swift; path = AboutView.swift; sourceTree = "<group>"; };
		3F59B8212C67198100AFB700 /* TrafficView.swift */ = {isa = PBXFileReference; lastKnownFileType = sourcecode.swift; path = TrafficView.swift; sourceTree = "<group>"; };
		3F59B8242C671AB300AFB700 /* extention.swift */ = {isa = PBXFileReference; lastKnownFileType = sourcecode.swift; path = extention.swift; sourceTree = "<group>"; };
		3F59B8262C671B6B00AFB700 /* BackTrafficView.swift */ = {isa = PBXFileReference; lastKnownFileType = sourcecode.swift; path = BackTrafficView.swift; sourceTree = "<group>"; };
		3F59B8292C67987B00AFB700 /* TimeTableView.swift */ = {isa = PBXFileReference; lastKnownFileType = sourcecode.swift; path = TimeTableView.swift; sourceTree = "<group>"; };
		3F59B82B2C6798F000AFB700 /* CourseData.swift */ = {isa = PBXFileReference; lastKnownFileType = sourcecode.swift; path = CourseData.swift; sourceTree = "<group>"; };
		3F59B82D2C6799D600AFB700 /* CourseFormView.swift */ = {isa = PBXFileReference; lastKnownFileType = sourcecode.swift; path = CourseFormView.swift; sourceTree = "<group>"; };
		3F59B82F2C679A7100AFB700 /* NTPUOne.entitlements */ = {isa = PBXFileReference; lastKnownFileType = text.plist.entitlements; path = NTPUOne.entitlements; sourceTree = "<group>"; };
		3F59B8302C679AC400AFB700 /* CourseGridView.swift */ = {isa = PBXFileReference; lastKnownFileType = sourcecode.swift; path = CourseGridView.swift; sourceTree = "<group>"; };
		3F8B9F6F2C70CCA4007BF30B /* CoreDataManager.swift */ = {isa = PBXFileReference; lastKnownFileType = sourcecode.swift; path = CoreDataManager.swift; sourceTree = "<group>"; };
		3F8B9F722C70CD3E007BF30B /* CourseModel.xcdatamodel */ = {isa = PBXFileReference; lastKnownFileType = wrapper.xcdatamodel; path = CourseModel.xcdatamodel; sourceTree = "<group>"; };
		3F8B9F7C2C70D8D5007BF30B /* CourseEntity+CoreDataClass.swift */ = {isa = PBXFileReference; lastKnownFileType = sourcecode.swift; path = "CourseEntity+CoreDataClass.swift"; sourceTree = "<group>"; };
		3F8B9F7D2C70D8D5007BF30B /* CourseEntity+CoreDataProperties.swift */ = {isa = PBXFileReference; lastKnownFileType = sourcecode.swift; path = "CourseEntity+CoreDataProperties.swift"; sourceTree = "<group>"; };
		3F8B9F842C759762007BF30B /* NextCourseWidgetExtension.appex */ = {isa = PBXFileReference; explicitFileType = "wrapper.app-extension"; includeInIndex = 0; path = NextCourseWidgetExtension.appex; sourceTree = BUILT_PRODUCTS_DIR; };
		3F8B9F862C759762007BF30B /* WidgetKit.framework */ = {isa = PBXFileReference; lastKnownFileType = wrapper.framework; name = WidgetKit.framework; path = System/Library/Frameworks/WidgetKit.framework; sourceTree = SDKROOT; };
		3F8B9F882C759762007BF30B /* SwiftUI.framework */ = {isa = PBXFileReference; lastKnownFileType = wrapper.framework; name = SwiftUI.framework; path = System/Library/Frameworks/SwiftUI.framework; sourceTree = SDKROOT; };
		3F8B9F8B2C759762007BF30B /* NextCourseWidgetBundle.swift */ = {isa = PBXFileReference; lastKnownFileType = sourcecode.swift; path = NextCourseWidgetBundle.swift; sourceTree = "<group>"; };
		3F8B9F8D2C759762007BF30B /* NextCourseWidget.swift */ = {isa = PBXFileReference; lastKnownFileType = sourcecode.swift; path = NextCourseWidget.swift; sourceTree = "<group>"; };
		3F8B9F8F2C759765007BF30B /* Assets.xcassets */ = {isa = PBXFileReference; lastKnownFileType = folder.assetcatalog; path = Assets.xcassets; sourceTree = "<group>"; };
		3F8B9F912C759765007BF30B /* Info.plist */ = {isa = PBXFileReference; lastKnownFileType = text.plist.xml; path = Info.plist; sourceTree = "<group>"; };
		3F8B9F992C75A51A007BF30B /* NextCourseWidgetExtension.entitlements */ = {isa = PBXFileReference; lastKnownFileType = text.plist.entitlements; path = NextCourseWidgetExtension.entitlements; sourceTree = "<group>"; };
		3F8F95022C290C25001A1697 /* NTPUOne.app */ = {isa = PBXFileReference; explicitFileType = wrapper.application; includeInIndex = 0; path = NTPUOne.app; sourceTree = BUILT_PRODUCTS_DIR; };
		3F8F95052C290C25001A1697 /* NTPUOneApp.swift */ = {isa = PBXFileReference; lastKnownFileType = sourcecode.swift; path = NTPUOneApp.swift; sourceTree = "<group>"; };
		3F8F95072C290C25001A1697 /* ContentView.swift */ = {isa = PBXFileReference; lastKnownFileType = sourcecode.swift; path = ContentView.swift; sourceTree = "<group>"; };
		3F8F95092C290C25001A1697 /* WebData.swift */ = {isa = PBXFileReference; lastKnownFileType = sourcecode.swift; path = WebData.swift; sourceTree = "<group>"; };
		3F8F950B2C290C27001A1697 /* Assets.xcassets */ = {isa = PBXFileReference; lastKnownFileType = folder.assetcatalog; path = Assets.xcassets; sourceTree = "<group>"; };
		3F8F950E2C290C27001A1697 /* Preview Assets.xcassets */ = {isa = PBXFileReference; lastKnownFileType = folder.assetcatalog; path = "Preview Assets.xcassets"; sourceTree = "<group>"; };
		3F8F95152C290D5A001A1697 /* Constant.swift */ = {isa = PBXFileReference; lastKnownFileType = sourcecode.swift; path = Constant.swift; sourceTree = "<group>"; };
		3F8F95172C291146001A1697 /* WebDetailView.swift */ = {isa = PBXFileReference; lastKnownFileType = sourcecode.swift; path = WebDetailView.swift; sourceTree = "<group>"; };
		3F8F95192C291401001A1697 /* WebView.swift */ = {isa = PBXFileReference; lastKnownFileType = sourcecode.swift; path = WebView.swift; sourceTree = "<group>"; };
		3F9062622C2929C900B9F24A /* UbikeManager.swift */ = {isa = PBXFileReference; lastKnownFileType = sourcecode.swift; path = UbikeManager.swift; sourceTree = "<group>"; };
		3F9062652C294F8C00B9F24A /* UbikeData.swift */ = {isa = PBXFileReference; lastKnownFileType = sourcecode.swift; path = UbikeData.swift; sourceTree = "<group>"; };
		3F9062692C29584D00B9F24A /* bikeView.swift */ = {isa = PBXFileReference; lastKnownFileType = sourcecode.swift; path = bikeView.swift; sourceTree = "<group>"; };
		3F90626B2C296E3300B9F24A /* MoreBikeView.swift */ = {isa = PBXFileReference; lastKnownFileType = sourcecode.swift; path = MoreBikeView.swift; sourceTree = "<group>"; };
		3F90626F2C2AA56200B9F24A /* WeatherData.swift */ = {isa = PBXFileReference; lastKnownFileType = sourcecode.swift; path = WeatherData.swift; sourceTree = "<group>"; };
		3F9062722C2AB86700B9F24A /* WeatherManager.swift */ = {isa = PBXFileReference; lastKnownFileType = sourcecode.swift; path = WeatherManager.swift; sourceTree = "<group>"; };
		3F9062832C2C15A200B9F24A /* Order.swift */ = {isa = PBXFileReference; lastKnownFileType = sourcecode.swift; path = Order.swift; sourceTree = "<group>"; };
		3F9062B82C2C507400B9F24A /* PrivacyPolicyView.swift */ = {isa = PBXFileReference; lastKnownFileType = sourcecode.swift; path = PrivacyPolicyView.swift; sourceTree = "<group>"; };
		3F9062BA2C2C515000B9F24A /* ContactMeView.swift */ = {isa = PBXFileReference; lastKnownFileType = sourcecode.swift; path = ContactMeView.swift; sourceTree = "<group>"; };
		3F9062BC2C2C524B00B9F24A /* AddOrderView.swift */ = {isa = PBXFileReference; lastKnownFileType = sourcecode.swift; path = AddOrderView.swift; sourceTree = "<group>"; };
		3F9062BF2C2C7D6800B9F24A /* BreakfastView.swift */ = {isa = PBXFileReference; lastKnownFileType = sourcecode.swift; path = BreakfastView.swift; sourceTree = "<group>"; };
		3F9062C12C2CE70400B9F24A /* ReportBugView.swift */ = {isa = PBXFileReference; lastKnownFileType = sourcecode.swift; path = ReportBugView.swift; sourceTree = "<group>"; };
		3F9062C32C2CE71600B9F24A /* FeaturesView.swift */ = {isa = PBXFileReference; lastKnownFileType = sourcecode.swift; path = FeaturesView.swift; sourceTree = "<group>"; };
		3F9062C52C2CE8C000B9F24A /* LunchView.swift */ = {isa = PBXFileReference; lastKnownFileType = sourcecode.swift; path = LunchView.swift; sourceTree = "<group>"; };
		3F9062C72C2CE8CC00B9F24A /* dinnerView.swift */ = {isa = PBXFileReference; lastKnownFileType = sourcecode.swift; path = dinnerView.swift; sourceTree = "<group>"; };
		3F9062C92C2CE8EB00B9F24A /* MSVIew.swift */ = {isa = PBXFileReference; lastKnownFileType = sourcecode.swift; path = MSVIew.swift; sourceTree = "<group>"; };
		3F9062D02C2D71A000B9F24A /* BannerView.swift */ = {isa = PBXFileReference; lastKnownFileType = sourcecode.swift; path = BannerView.swift; sourceTree = "<group>"; };
		3F9062D22C2EB6C400B9F24A /* GoogleService-Info.plist */ = {isa = PBXFileReference; fileEncoding = 4; lastKnownFileType = text.plist.xml; path = "GoogleService-Info.plist"; sourceTree = "<group>"; };
		3F9062D42C2EF79600B9F24A /* Launch Screen.storyboard */ = {isa = PBXFileReference; lastKnownFileType = file.storyboard; path = "Launch Screen.storyboard"; sourceTree = "<group>"; };
		3F9062D62C32B3D100B9F24A /* dietView.swift */ = {isa = PBXFileReference; lastKnownFileType = sourcecode.swift; path = dietView.swift; sourceTree = "<group>"; };
		3F9062D82C32BDC600B9F24A /* FManager.swift */ = {isa = PBXFileReference; lastKnownFileType = sourcecode.swift; path = FManager.swift; sourceTree = "<group>"; };
		3F9062DB2C352D0500B9F24A /* AddStoreView.swift */ = {isa = PBXFileReference; lastKnownFileType = sourcecode.swift; path = AddStoreView.swift; sourceTree = "<group>"; };
		3F945E402C39909100A37CB3 /* NativeAdView.swift */ = {isa = PBXFileReference; lastKnownFileType = sourcecode.swift; path = NativeAdView.swift; sourceTree = "<group>"; };
		3FDF35622C86948F00952C69 /* CourseGet.swift */ = {isa = PBXFileReference; lastKnownFileType = sourcecode.swift; path = CourseGet.swift; sourceTree = "<group>"; };
		3FDF35642C88A41600952C69 /* CourseYearManager.swift */ = {isa = PBXFileReference; lastKnownFileType = sourcecode.swift; path = CourseYearManager.swift; sourceTree = "<group>"; };
		3FDF35662C8C82E200952C69 /* SchoolPostView.swift */ = {isa = PBXFileReference; lastKnownFileType = sourcecode.swift; path = SchoolPostView.swift; sourceTree = "<group>"; };
		3FDF35682C8D3CB300952C69 /* PostManager.swift */ = {isa = PBXFileReference; lastKnownFileType = sourcecode.swift; path = PostManager.swift; sourceTree = "<group>"; };
		3FDF356A2C8D3FF800952C69 /* PostDetailView.swift */ = {isa = PBXFileReference; lastKnownFileType = sourcecode.swift; path = PostDetailView.swift; sourceTree = "<group>"; };
/* End PBXFileReference section */

/* Begin PBXFrameworksBuildPhase section */
		3F8B9F812C759762007BF30B /* Frameworks */ = {
			isa = PBXFrameworksBuildPhase;
			buildActionMask = 2147483647;
			files = (
				3F8B9F892C759762007BF30B /* SwiftUI.framework in Frameworks */,
				3F8B9F872C759762007BF30B /* WidgetKit.framework in Frameworks */,
			);
			runOnlyForDeploymentPostprocessing = 0;
		};
		3F8F94FF2C290C25001A1697 /* Frameworks */ = {
			isa = PBXFrameworksBuildPhase;
			buildActionMask = 2147483647;
			files = (
				3FDF35612C86946900952C69 /* SwiftSoup in Frameworks */,
				3F9062CD2C2D0C9200B9F24A /* GoogleMobileAds in Frameworks */,
				3F90628E2C2C18D300B9F24A /* FirebaseDatabase in Frameworks */,
				3F90629C2C2C18D300B9F24A /* FirebaseFunctionsCombine-Community in Frameworks */,
				3F9062A62C2C290E00B9F24A /* FirebaseInAppMessagingSwift-Beta in Frameworks */,
				3F9062AC2C2C290E00B9F24A /* FirebaseMessaging in Frameworks */,
				3F9062942C2C18D300B9F24A /* FirebaseFirestore in Frameworks */,
				3F90627E2C2C09AE00B9F24A /* FirebaseAnalyticsSwift in Frameworks */,
				3F90627A2C2C09AE00B9F24A /* FirebaseAnalytics in Frameworks */,
				3F90627C2C2C09AE00B9F24A /* FirebaseAnalyticsOnDeviceConversion in Frameworks */,
				3F9062AA2C2C290E00B9F24A /* FirebaseMLModelDownloader in Frameworks */,
				3F9062982C2C18D300B9F24A /* FirebaseFirestoreSwift in Frameworks */,
				3F9062822C2C09AE00B9F24A /* FirebaseAppCheck in Frameworks */,
				3F9062802C2C09AE00B9F24A /* FirebaseAnalyticsWithoutAdIdSupport in Frameworks */,
				3F9062A02C2C18D300B9F24A /* FirebaseStorage in Frameworks */,
				3F9062882C2C18D300B9F24A /* FirebaseAuth in Frameworks */,
				3F9062AE2C2C290E00B9F24A /* FirebasePerformance in Frameworks */,
				3F90628C2C2C18D300B9F24A /* FirebaseCrashlytics in Frameworks */,
				3F9062B42C2C290E00B9F24A /* FirebaseStorageCombine-Community in Frameworks */,
				3F90629E2C2C18D300B9F24A /* FirebaseInAppMessaging-Beta in Frameworks */,
				3F9062902C2C18D300B9F24A /* FirebaseDatabaseSwift in Frameworks */,
				3F9062A82C2C290E00B9F24A /* FirebaseInstallations in Frameworks */,
				3F9062B02C2C290E00B9F24A /* FirebaseRemoteConfig in Frameworks */,
				3F90629A2C2C18D300B9F24A /* FirebaseFunctions in Frameworks */,
				3F9062862C2C18D300B9F24A /* FirebaseAppDistribution-Beta in Frameworks */,
				3F90628A2C2C18D300B9F24A /* FirebaseAuthCombine-Community in Frameworks */,
				3F59B8362C69F2E200AFB700 /* CalendarKit in Frameworks */,
				3F9062B62C2C290E00B9F24A /* FirebaseVertexAI-Preview in Frameworks */,
				3F9062922C2C18D300B9F24A /* FirebaseDynamicLinks in Frameworks */,
				3F9062962C2C18D300B9F24A /* FirebaseFirestoreCombine-Community in Frameworks */,
				3F9062B22C2C290E00B9F24A /* FirebaseRemoteConfigSwift in Frameworks */,
			);
			runOnlyForDeploymentPostprocessing = 0;
		};
/* End PBXFrameworksBuildPhase section */

/* Begin PBXGroup section */
		3F59B8232C671A9B00AFB700 /* Other */ = {
			isa = PBXGroup;
			children = (
				3F8F95152C290D5A001A1697 /* Constant.swift */,
				3F59B8242C671AB300AFB700 /* extention.swift */,
			);
			path = Other;
			sourceTree = "<group>";
		};
		3F59B8282C675A6200AFB700 /* CourseList */ = {
			isa = PBXGroup;
			children = (
				3F59B8292C67987B00AFB700 /* TimeTableView.swift */,
				3F59B8302C679AC400AFB700 /* CourseGridView.swift */,
				3F59B82D2C6799D600AFB700 /* CourseFormView.swift */,
				3F59B82B2C6798F000AFB700 /* CourseData.swift */,
				3F8B9F6F2C70CCA4007BF30B /* CoreDataManager.swift */,
				3FDF35642C88A41600952C69 /* CourseYearManager.swift */,
				3FDF35622C86948F00952C69 /* CourseGet.swift */,
			);
			path = CourseList;
			sourceTree = "<group>";
		};
		3F8B9F852C759762007BF30B /* Frameworks */ = {
			isa = PBXGroup;
			children = (
				3F8B9F862C759762007BF30B /* WidgetKit.framework */,
				3F8B9F882C759762007BF30B /* SwiftUI.framework */,
			);
			name = Frameworks;
			sourceTree = "<group>";
		};
		3F8B9F8A2C759762007BF30B /* NextCourseWidget */ = {
			isa = PBXGroup;
			children = (
				3F8B9F8B2C759762007BF30B /* NextCourseWidgetBundle.swift */,
				3F8B9F8D2C759762007BF30B /* NextCourseWidget.swift */,
				3F8B9F8F2C759765007BF30B /* Assets.xcassets */,
				3F8B9F912C759765007BF30B /* Info.plist */,
			);
			path = NextCourseWidget;
			sourceTree = "<group>";
		};
		3F8F94F92C290C25001A1697 = {
			isa = PBXGroup;
			children = (
				3F8B9F992C75A51A007BF30B /* NextCourseWidgetExtension.entitlements */,
				3F8B9F7C2C70D8D5007BF30B /* CourseEntity+CoreDataClass.swift */,
				3F8B9F7D2C70D8D5007BF30B /* CourseEntity+CoreDataProperties.swift */,
				3F8B9F712C70CD3E007BF30B /* CourseModel.xcdatamodeld */,
				3F8F95042C290C25001A1697 /* NTPUOne */,
				3F8B9F8A2C759762007BF30B /* NextCourseWidget */,
				3F8B9F852C759762007BF30B /* Frameworks */,
				3F8F95032C290C25001A1697 /* Products */,
			);
			sourceTree = "<group>";
		};
		3F8F95032C290C25001A1697 /* Products */ = {
			isa = PBXGroup;
			children = (
				3F8F95022C290C25001A1697 /* NTPUOne.app */,
				3F8B9F842C759762007BF30B /* NextCourseWidgetExtension.appex */,
			);
			name = Products;
			sourceTree = "<group>";
		};
		3F8F95042C290C25001A1697 /* NTPUOne */ = {
			isa = PBXGroup;
			children = (
				3F59B82F2C679A7100AFB700 /* NTPUOne.entitlements */,
				3F8F95052C290C25001A1697 /* NTPUOneApp.swift */,
				3F8F95072C290C25001A1697 /* ContentView.swift */,
				3F9062D42C2EF79600B9F24A /* Launch Screen.storyboard */,
				3F9062CF2C2D718700B9F24A /* Ads */,
				3F59B8282C675A6200AFB700 /* CourseList */,
				3F9062BE2C2C7D5100B9F24A /* FoodView */,
				3F9062712C2AA56800B9F24A /* WeatherView */,
				3F9062642C2929D100B9F24A /* TrafficView */,
				3F8F951B2C291690001A1697 /* WebViews */,
				3F9062B72C2C500400B9F24A /* AboutView */,
				3F8F950B2C290C27001A1697 /* Assets.xcassets */,
				3F59B8232C671A9B00AFB700 /* Other */,
				3F9062D22C2EB6C400B9F24A /* GoogleService-Info.plist */,
				3F8F950D2C290C27001A1697 /* Preview Content */,
			);
			path = NTPUOne;
			sourceTree = "<group>";
		};
		3F8F950D2C290C27001A1697 /* Preview Content */ = {
			isa = PBXGroup;
			children = (
				3F8F950E2C290C27001A1697 /* Preview Assets.xcassets */,
			);
			path = "Preview Content";
			sourceTree = "<group>";
		};
		3F8F951B2C291690001A1697 /* WebViews */ = {
			isa = PBXGroup;
			children = (
				3F59B81B2C670E8D00AFB700 /* LinkView.swift */,
				3FDF35662C8C82E200952C69 /* SchoolPostView.swift */,
				3FDF356A2C8D3FF800952C69 /* PostDetailView.swift */,
				3FDF35682C8D3CB300952C69 /* PostManager.swift */,
				3F8F95092C290C25001A1697 /* WebData.swift */,
				3F8F95192C291401001A1697 /* WebView.swift */,
				3F8F95172C291146001A1697 /* WebDetailView.swift */,
				3F9062832C2C15A200B9F24A /* Order.swift */,
			);
			path = WebViews;
			sourceTree = "<group>";
		};
		3F9062642C2929D100B9F24A /* TrafficView */ = {
			isa = PBXGroup;
			children = (
				3F59B8212C67198100AFB700 /* TrafficView.swift */,
				3F59B8262C671B6B00AFB700 /* BackTrafficView.swift */,
				3F9062652C294F8C00B9F24A /* UbikeData.swift */,
				3F9062622C2929C900B9F24A /* UbikeManager.swift */,
				3F90626B2C296E3300B9F24A /* MoreBikeView.swift */,
				3F9062692C29584D00B9F24A /* bikeView.swift */,
			);
			path = TrafficView;
			sourceTree = "<group>";
		};
		3F9062712C2AA56800B9F24A /* WeatherView */ = {
			isa = PBXGroup;
			children = (
				3F59B81D2C6710E500AFB700 /* LifeView.swift */,
				3F90626F2C2AA56200B9F24A /* WeatherData.swift */,
				3F9062722C2AB86700B9F24A /* WeatherManager.swift */,
			);
			path = WeatherView;
			sourceTree = "<group>";
		};
		3F9062B72C2C500400B9F24A /* AboutView */ = {
			isa = PBXGroup;
			children = (
				3F59B81F2C67187300AFB700 /* AboutView.swift */,
				3F9062BC2C2C524B00B9F24A /* AddOrderView.swift */,
				3F9062C12C2CE70400B9F24A /* ReportBugView.swift */,
				3F9062C32C2CE71600B9F24A /* FeaturesView.swift */,
				3F9062BA2C2C515000B9F24A /* ContactMeView.swift */,
				3F9062B82C2C507400B9F24A /* PrivacyPolicyView.swift */,
			);
			path = AboutView;
			sourceTree = "<group>";
		};
		3F9062BE2C2C7D5100B9F24A /* FoodView */ = {
			isa = PBXGroup;
			children = (
				3F9062BF2C2C7D6800B9F24A /* BreakfastView.swift */,
				3F9062C52C2CE8C000B9F24A /* LunchView.swift */,
				3F9062C72C2CE8CC00B9F24A /* dinnerView.swift */,
				3F9062C92C2CE8EB00B9F24A /* MSVIew.swift */,
				3F9062D62C32B3D100B9F24A /* dietView.swift */,
				3F9062DB2C352D0500B9F24A /* AddStoreView.swift */,
				3F9062D82C32BDC600B9F24A /* FManager.swift */,
			);
			path = FoodView;
			sourceTree = "<group>";
		};
		3F9062CF2C2D718700B9F24A /* Ads */ = {
			isa = PBXGroup;
			children = (
				3F9062D02C2D71A000B9F24A /* BannerView.swift */,
				3F24B5B42C37E83A00FEADFA /* RewardView.swift */,
				3F945E402C39909100A37CB3 /* NativeAdView.swift */,
			);
			path = Ads;
			sourceTree = "<group>";
		};
/* End PBXGroup section */

/* Begin PBXNativeTarget section */
		3F8B9F832C759762007BF30B /* NextCourseWidgetExtension */ = {
			isa = PBXNativeTarget;
			buildConfigurationList = 3F8B9F952C759765007BF30B /* Build configuration list for PBXNativeTarget "NextCourseWidgetExtension" */;
			buildPhases = (
				3F8B9F802C759762007BF30B /* Sources */,
				3F8B9F812C759762007BF30B /* Frameworks */,
				3F8B9F822C759762007BF30B /* Resources */,
			);
			buildRules = (
			);
			dependencies = (
			);
			name = NextCourseWidgetExtension;
			productName = NextCourseWidgetExtension;
			productReference = 3F8B9F842C759762007BF30B /* NextCourseWidgetExtension.appex */;
			productType = "com.apple.product-type.app-extension";
		};
		3F8F95012C290C25001A1697 /* NTPUOne */ = {
			isa = PBXNativeTarget;
			buildConfigurationList = 3F8F95122C290C27001A1697 /* Build configuration list for PBXNativeTarget "NTPUOne" */;
			buildPhases = (
				3F8F94FE2C290C25001A1697 /* Sources */,
				3F8F94FF2C290C25001A1697 /* Frameworks */,
				3F8F95002C290C25001A1697 /* Resources */,
				3F8B9F982C759765007BF30B /* Embed Foundation Extensions */,
				3F9062DA2C344CD100B9F24A /* ShellScript */,
			);
			buildRules = (
			);
			dependencies = (
				3F8B9F932C759765007BF30B /* PBXTargetDependency */,
			);
			name = NTPUOne;
			packageProductDependencies = (
				3F9062792C2C09AE00B9F24A /* FirebaseAnalytics */,
				3F90627B2C2C09AE00B9F24A /* FirebaseAnalyticsOnDeviceConversion */,
				3F90627D2C2C09AE00B9F24A /* FirebaseAnalyticsSwift */,
				3F90627F2C2C09AE00B9F24A /* FirebaseAnalyticsWithoutAdIdSupport */,
				3F9062812C2C09AE00B9F24A /* FirebaseAppCheck */,
				3F9062852C2C18D300B9F24A /* FirebaseAppDistribution-Beta */,
				3F9062872C2C18D300B9F24A /* FirebaseAuth */,
				3F9062892C2C18D300B9F24A /* FirebaseAuthCombine-Community */,
				3F90628B2C2C18D300B9F24A /* FirebaseCrashlytics */,
				3F90628D2C2C18D300B9F24A /* FirebaseDatabase */,
				3F90628F2C2C18D300B9F24A /* FirebaseDatabaseSwift */,
				3F9062912C2C18D300B9F24A /* FirebaseDynamicLinks */,
				3F9062932C2C18D300B9F24A /* FirebaseFirestore */,
				3F9062952C2C18D300B9F24A /* FirebaseFirestoreCombine-Community */,
				3F9062972C2C18D300B9F24A /* FirebaseFirestoreSwift */,
				3F9062992C2C18D300B9F24A /* FirebaseFunctions */,
				3F90629B2C2C18D300B9F24A /* FirebaseFunctionsCombine-Community */,
				3F90629D2C2C18D300B9F24A /* FirebaseInAppMessaging-Beta */,
				3F90629F2C2C18D300B9F24A /* FirebaseStorage */,
				3F9062A52C2C290E00B9F24A /* FirebaseInAppMessagingSwift-Beta */,
				3F9062A72C2C290E00B9F24A /* FirebaseInstallations */,
				3F9062A92C2C290E00B9F24A /* FirebaseMLModelDownloader */,
				3F9062AB2C2C290E00B9F24A /* FirebaseMessaging */,
				3F9062AD2C2C290E00B9F24A /* FirebasePerformance */,
				3F9062AF2C2C290E00B9F24A /* FirebaseRemoteConfig */,
				3F9062B12C2C290E00B9F24A /* FirebaseRemoteConfigSwift */,
				3F9062B32C2C290E00B9F24A /* FirebaseStorageCombine-Community */,
				3F9062B52C2C290E00B9F24A /* FirebaseVertexAI-Preview */,
				3F9062CC2C2D0C9200B9F24A /* GoogleMobileAds */,
				3F59B8352C69F2E200AFB700 /* CalendarKit */,
				3FDF35602C86946900952C69 /* SwiftSoup */,
			);
			productName = NTPUOne;
			productReference = 3F8F95022C290C25001A1697 /* NTPUOne.app */;
			productType = "com.apple.product-type.application";
		};
/* End PBXNativeTarget section */

/* Begin PBXProject section */
		3F8F94FA2C290C25001A1697 /* Project object */ = {
			isa = PBXProject;
			attributes = {
				BuildIndependentTargetsInParallel = 1;
				LastSwiftUpdateCheck = 1540;
				LastUpgradeCheck = 1540;
				TargetAttributes = {
					3F8B9F832C759762007BF30B = {
						CreatedOnToolsVersion = 15.4;
					};
					3F8F95012C290C25001A1697 = {
						CreatedOnToolsVersion = 15.4;
					};
				};
			};
			buildConfigurationList = 3F8F94FD2C290C25001A1697 /* Build configuration list for PBXProject "NTPUOne" */;
			compatibilityVersion = "Xcode 14.0";
			developmentRegion = "zh-Hant";
			hasScannedForEncodings = 0;
			knownRegions = (
				Base,
				"zh-Hant",
			);
			mainGroup = 3F8F94F92C290C25001A1697;
			packageReferences = (
				3F9062782C2C09AE00B9F24A /* XCRemoteSwiftPackageReference "firebase-ios-sdk" */,
				3F9062CB2C2D0C9200B9F24A /* XCRemoteSwiftPackageReference "swift-package-manager-google-mobile-ads" */,
				3F59B8342C69F2E100AFB700 /* XCRemoteSwiftPackageReference "CalendarKit" */,
				3FDF355F2C86946900952C69 /* XCRemoteSwiftPackageReference "SwiftSoup" */,
			);
			productRefGroup = 3F8F95032C290C25001A1697 /* Products */;
			projectDirPath = "";
			projectRoot = "";
			targets = (
				3F8F95012C290C25001A1697 /* NTPUOne */,
				3F8B9F832C759762007BF30B /* NextCourseWidgetExtension */,
			);
		};
/* End PBXProject section */

/* Begin PBXResourcesBuildPhase section */
		3F8B9F822C759762007BF30B /* Resources */ = {
			isa = PBXResourcesBuildPhase;
			buildActionMask = 2147483647;
			files = (
				3F8B9F902C759765007BF30B /* Assets.xcassets in Resources */,
			);
			runOnlyForDeploymentPostprocessing = 0;
		};
		3F8F95002C290C25001A1697 /* Resources */ = {
			isa = PBXResourcesBuildPhase;
			buildActionMask = 2147483647;
			files = (
				3F8F950F2C290C27001A1697 /* Preview Assets.xcassets in Resources */,
				3F8F950C2C290C27001A1697 /* Assets.xcassets in Resources */,
				3F9062D52C2EF79700B9F24A /* Launch Screen.storyboard in Resources */,
				3F9062D32C2EB6C400B9F24A /* GoogleService-Info.plist in Resources */,
			);
			runOnlyForDeploymentPostprocessing = 0;
		};
/* End PBXResourcesBuildPhase section */

/* Begin PBXShellScriptBuildPhase section */
		3F9062DA2C344CD100B9F24A /* ShellScript */ = {
			isa = PBXShellScriptBuildPhase;
			alwaysOutOfDate = 1;
			buildActionMask = 2147483647;
			files = (
			);
			inputFileListPaths = (
			);
			inputPaths = (
				"${DWARF_DSYM_FOLDER_PATH}/${DWARF_DSYM_FILE_NAME}",
				"${DWARF_DSYM_FOLDER_PATH}/${DWARF_DSYM_FILE_NAME}/Contents/Resources/DWARF/${PRODUCT_NAME}",
				"${DWARF_DSYM_FOLDER_PATH}/${DWARF_DSYM_FILE_NAME}/Contents/Info.plist",
				"$(TARGET_BUILD_DIR)/$(UNLOCALIZED_RESOURCES_FOLDER_PATH)/GoogleService-Info.plist",
				"$(TARGET_BUILD_DIR)/$(EXECUTABLE_PATH)",
			);
			outputFileListPaths = (
			);
			outputPaths = (
			);
			runOnlyForDeploymentPostprocessing = 0;
			shellPath = /bin/sh;
			shellScript = "# Type a script or drag a script file from your workspace to insert its path.\n\"${BUILD_DIR%/Build/*}/SourcePackages/checkouts/firebase-ios-sdk/Crashlytics/run\"\n";
		};
/* End PBXShellScriptBuildPhase section */

/* Begin PBXSourcesBuildPhase section */
		3F8B9F802C759762007BF30B /* Sources */ = {
			isa = PBXSourcesBuildPhase;
			buildActionMask = 2147483647;
			files = (
				3F8B9F8C2C759762007BF30B /* NextCourseWidgetBundle.swift in Sources */,
				3F8B9F9B2C75B113007BF30B /* CourseEntity+CoreDataProperties.swift in Sources */,
				3F8B9F9C2C75B116007BF30B /* CourseEntity+CoreDataClass.swift in Sources */,
				3F8B9F9A2C75B0DD007BF30B /* CourseModel.xcdatamodeld in Sources */,
				3F8B9F8E2C759762007BF30B /* NextCourseWidget.swift in Sources */,
			);
			runOnlyForDeploymentPostprocessing = 0;
		};
		3F8F94FE2C290C25001A1697 /* Sources */ = {
			isa = PBXSourcesBuildPhase;
			buildActionMask = 2147483647;
			files = (
				3F59B8202C67187300AFB700 /* AboutView.swift in Sources */,
				3F59B8222C67198100AFB700 /* TrafficView.swift in Sources */,
				3F8B9F732C70CD3E007BF30B /* CourseModel.xcdatamodeld in Sources */,
				3F9062632C2929C900B9F24A /* UbikeManager.swift in Sources */,
				3F8F95082C290C25001A1697 /* ContentView.swift in Sources */,
				3F9062D72C32B3D100B9F24A /* dietView.swift in Sources */,
				3F59B81C2C670E8D00AFB700 /* LinkView.swift in Sources */,
				3F9062C02C2C7D6800B9F24A /* BreakfastView.swift in Sources */,
				3F8F95162C290D5A001A1697 /* Constant.swift in Sources */,
				3F8F950A2C290C25001A1697 /* WebData.swift in Sources */,
				3F9062DC2C352D0500B9F24A /* AddStoreView.swift in Sources */,
				3FDF35632C86948F00952C69 /* CourseGet.swift in Sources */,
				3F9062662C294F8C00B9F24A /* UbikeData.swift in Sources */,
				3F9062702C2AA56200B9F24A /* WeatherData.swift in Sources */,
				3F9062C82C2CE8CC00B9F24A /* dinnerView.swift in Sources */,
				3F59B82A2C67987B00AFB700 /* TimeTableView.swift in Sources */,
				3F59B82E2C6799D600AFB700 /* CourseFormView.swift in Sources */,
				3F9062D92C32BDC600B9F24A /* FManager.swift in Sources */,
				3F9062732C2AB86700B9F24A /* WeatherManager.swift in Sources */,
				3FDF35672C8C82E200952C69 /* SchoolPostView.swift in Sources */,
				3F8F951A2C291401001A1697 /* WebView.swift in Sources */,
				3F945E412C39909100A37CB3 /* NativeAdView.swift in Sources */,
				3F9062BB2C2C515000B9F24A /* ContactMeView.swift in Sources */,
				3F59B81E2C6710E500AFB700 /* LifeView.swift in Sources */,
				3F8F95062C290C25001A1697 /* NTPUOneApp.swift in Sources */,
				3F9062C22C2CE70400B9F24A /* ReportBugView.swift in Sources */,
				3F59B8272C671B6B00AFB700 /* BackTrafficView.swift in Sources */,
				3F9062D12C2D71A000B9F24A /* BannerView.swift in Sources */,
				3F9062C42C2CE71600B9F24A /* FeaturesView.swift in Sources */,
				3F8F95182C291146001A1697 /* WebDetailView.swift in Sources */,
				3F59B82C2C6798F000AFB700 /* CourseData.swift in Sources */,
				3FDF35692C8D3CB300952C69 /* PostManager.swift in Sources */,
				3F9062842C2C15A200B9F24A /* Order.swift in Sources */,
				3F59B8252C671AB300AFB700 /* extention.swift in Sources */,
				3F9062C62C2CE8C000B9F24A /* LunchView.swift in Sources */,
				3F90626C2C296E3300B9F24A /* MoreBikeView.swift in Sources */,
				3F24B5B52C37E83A00FEADFA /* RewardView.swift in Sources */,
				3FDF356B2C8D3FF800952C69 /* PostDetailView.swift in Sources */,
				3FDF35652C88A41600952C69 /* CourseYearManager.swift in Sources */,
				3F8B9F702C70CCA4007BF30B /* CoreDataManager.swift in Sources */,
				3F9062CA2C2CE8EB00B9F24A /* MSVIew.swift in Sources */,
				3F9062BD2C2C524B00B9F24A /* AddOrderView.swift in Sources */,
				3F59B8312C679AC400AFB700 /* CourseGridView.swift in Sources */,
				3F9062B92C2C507400B9F24A /* PrivacyPolicyView.swift in Sources */,
				3F8B9F7E2C70D8D5007BF30B /* CourseEntity+CoreDataClass.swift in Sources */,
				3F8B9F7F2C70D8D5007BF30B /* CourseEntity+CoreDataProperties.swift in Sources */,
				3F90626A2C29584D00B9F24A /* bikeView.swift in Sources */,
			);
			runOnlyForDeploymentPostprocessing = 0;
		};
/* End PBXSourcesBuildPhase section */

/* Begin PBXTargetDependency section */
		3F8B9F932C759765007BF30B /* PBXTargetDependency */ = {
			isa = PBXTargetDependency;
			target = 3F8B9F832C759762007BF30B /* NextCourseWidgetExtension */;
			targetProxy = 3F8B9F922C759765007BF30B /* PBXContainerItemProxy */;
		};
/* End PBXTargetDependency section */

/* Begin XCBuildConfiguration section */
		3F8B9F962C759765007BF30B /* Debug */ = {
			isa = XCBuildConfiguration;
			buildSettings = {
				ASSETCATALOG_COMPILER_GLOBAL_ACCENT_COLOR_NAME = AccentColor;
				ASSETCATALOG_COMPILER_WIDGET_BACKGROUND_COLOR_NAME = WidgetBackground;
				CODE_SIGN_ENTITLEMENTS = NextCourseWidgetExtension.entitlements;
				CODE_SIGN_STYLE = Automatic;
				CURRENT_PROJECT_VERSION = 1;
				DEVELOPMENT_TEAM = T593T3727N;
				GENERATE_INFOPLIST_FILE = YES;
				INFOPLIST_FILE = NextCourseWidget/Info.plist;
				INFOPLIST_KEY_CFBundleDisplayName = NextCourseWidget;
				INFOPLIST_KEY_NSHumanReadableCopyright = "";
				IPHONEOS_DEPLOYMENT_TARGET = 16.0;
				LD_RUNPATH_SEARCH_PATHS = (
					"$(inherited)",
					"@executable_path/Frameworks",
					"@executable_path/../../Frameworks",
				);
				MARKETING_VERSION = 1.0;
				PRODUCT_BUNDLE_IDENTIFIER = com.xujk.NTPUOne.NextCourseWidget;
				PRODUCT_NAME = "$(TARGET_NAME)";
				SKIP_INSTALL = YES;
				SWIFT_EMIT_LOC_STRINGS = YES;
				SWIFT_VERSION = 5.0;
				TARGETED_DEVICE_FAMILY = "1,2";
			};
			name = Debug;
		};
		3F8B9F972C759765007BF30B /* Release */ = {
			isa = XCBuildConfiguration;
			buildSettings = {
				ASSETCATALOG_COMPILER_GLOBAL_ACCENT_COLOR_NAME = AccentColor;
				ASSETCATALOG_COMPILER_WIDGET_BACKGROUND_COLOR_NAME = WidgetBackground;
				CODE_SIGN_ENTITLEMENTS = NextCourseWidgetExtension.entitlements;
				CODE_SIGN_STYLE = Automatic;
				CURRENT_PROJECT_VERSION = 1;
				DEVELOPMENT_TEAM = T593T3727N;
				GENERATE_INFOPLIST_FILE = YES;
				INFOPLIST_FILE = NextCourseWidget/Info.plist;
				INFOPLIST_KEY_CFBundleDisplayName = NextCourseWidget;
				INFOPLIST_KEY_NSHumanReadableCopyright = "";
				IPHONEOS_DEPLOYMENT_TARGET = 16.0;
				LD_RUNPATH_SEARCH_PATHS = (
					"$(inherited)",
					"@executable_path/Frameworks",
					"@executable_path/../../Frameworks",
				);
				MARKETING_VERSION = 1.0;
				PRODUCT_BUNDLE_IDENTIFIER = com.xujk.NTPUOne.NextCourseWidget;
				PRODUCT_NAME = "$(TARGET_NAME)";
				SKIP_INSTALL = YES;
				SWIFT_EMIT_LOC_STRINGS = YES;
				SWIFT_VERSION = 5.0;
				TARGETED_DEVICE_FAMILY = "1,2";
			};
			name = Release;
		};
		3F8F95102C290C27001A1697 /* Debug */ = {
			isa = XCBuildConfiguration;
			buildSettings = {
				ALWAYS_SEARCH_USER_PATHS = NO;
				ASSETCATALOG_COMPILER_GENERATE_SWIFT_ASSET_SYMBOL_EXTENSIONS = YES;
				CLANG_ANALYZER_NONNULL = YES;
				CLANG_ANALYZER_NUMBER_OBJECT_CONVERSION = YES_AGGRESSIVE;
				CLANG_CXX_LANGUAGE_STANDARD = "gnu++20";
				CLANG_ENABLE_MODULES = YES;
				CLANG_ENABLE_OBJC_ARC = YES;
				CLANG_ENABLE_OBJC_WEAK = YES;
				CLANG_WARN_BLOCK_CAPTURE_AUTORELEASING = YES;
				CLANG_WARN_BOOL_CONVERSION = YES;
				CLANG_WARN_COMMA = YES;
				CLANG_WARN_CONSTANT_CONVERSION = YES;
				CLANG_WARN_DEPRECATED_OBJC_IMPLEMENTATIONS = YES;
				CLANG_WARN_DIRECT_OBJC_ISA_USAGE = YES_ERROR;
				CLANG_WARN_DOCUMENTATION_COMMENTS = YES;
				CLANG_WARN_EMPTY_BODY = YES;
				CLANG_WARN_ENUM_CONVERSION = YES;
				CLANG_WARN_INFINITE_RECURSION = YES;
				CLANG_WARN_INT_CONVERSION = YES;
				CLANG_WARN_NON_LITERAL_NULL_CONVERSION = YES;
				CLANG_WARN_OBJC_IMPLICIT_RETAIN_SELF = YES;
				CLANG_WARN_OBJC_LITERAL_CONVERSION = YES;
				CLANG_WARN_OBJC_ROOT_CLASS = YES_ERROR;
				CLANG_WARN_QUOTED_INCLUDE_IN_FRAMEWORK_HEADER = YES;
				CLANG_WARN_RANGE_LOOP_ANALYSIS = YES;
				CLANG_WARN_STRICT_PROTOTYPES = YES;
				CLANG_WARN_SUSPICIOUS_MOVE = YES;
				CLANG_WARN_UNGUARDED_AVAILABILITY = YES_AGGRESSIVE;
				CLANG_WARN_UNREACHABLE_CODE = YES;
				CLANG_WARN__DUPLICATE_METHOD_MATCH = YES;
				COPY_PHASE_STRIP = NO;
				DEBUG_INFORMATION_FORMAT = dwarf;
				ENABLE_STRICT_OBJC_MSGSEND = YES;
				ENABLE_TESTABILITY = YES;
				ENABLE_USER_SCRIPT_SANDBOXING = YES;
				GCC_C_LANGUAGE_STANDARD = gnu17;
				GCC_DYNAMIC_NO_PIC = NO;
				GCC_NO_COMMON_BLOCKS = YES;
				GCC_OPTIMIZATION_LEVEL = 0;
				GCC_PREPROCESSOR_DEFINITIONS = (
					"DEBUG=1",
					"$(inherited)",
				);
				GCC_WARN_64_TO_32_BIT_CONVERSION = YES;
				GCC_WARN_ABOUT_RETURN_TYPE = YES_ERROR;
				GCC_WARN_UNDECLARED_SELECTOR = YES;
				GCC_WARN_UNINITIALIZED_AUTOS = YES_AGGRESSIVE;
				GCC_WARN_UNUSED_FUNCTION = YES;
				GCC_WARN_UNUSED_VARIABLE = YES;
				IPHONEOS_DEPLOYMENT_TARGET = 16.0;
				LOCALIZATION_PREFERS_STRING_CATALOGS = YES;
				MTL_ENABLE_DEBUG_INFO = INCLUDE_SOURCE;
				MTL_FAST_MATH = YES;
				ONLY_ACTIVE_ARCH = YES;
				SDKROOT = iphoneos;
				SWIFT_ACTIVE_COMPILATION_CONDITIONS = "DEBUG $(inherited)";
				SWIFT_OPTIMIZATION_LEVEL = "-Onone";
			};
			name = Debug;
		};
		3F8F95112C290C27001A1697 /* Release */ = {
			isa = XCBuildConfiguration;
			buildSettings = {
				ALWAYS_SEARCH_USER_PATHS = NO;
				ASSETCATALOG_COMPILER_GENERATE_SWIFT_ASSET_SYMBOL_EXTENSIONS = YES;
				CLANG_ANALYZER_NONNULL = YES;
				CLANG_ANALYZER_NUMBER_OBJECT_CONVERSION = YES_AGGRESSIVE;
				CLANG_CXX_LANGUAGE_STANDARD = "gnu++20";
				CLANG_ENABLE_MODULES = YES;
				CLANG_ENABLE_OBJC_ARC = YES;
				CLANG_ENABLE_OBJC_WEAK = YES;
				CLANG_WARN_BLOCK_CAPTURE_AUTORELEASING = YES;
				CLANG_WARN_BOOL_CONVERSION = YES;
				CLANG_WARN_COMMA = YES;
				CLANG_WARN_CONSTANT_CONVERSION = YES;
				CLANG_WARN_DEPRECATED_OBJC_IMPLEMENTATIONS = YES;
				CLANG_WARN_DIRECT_OBJC_ISA_USAGE = YES_ERROR;
				CLANG_WARN_DOCUMENTATION_COMMENTS = YES;
				CLANG_WARN_EMPTY_BODY = YES;
				CLANG_WARN_ENUM_CONVERSION = YES;
				CLANG_WARN_INFINITE_RECURSION = YES;
				CLANG_WARN_INT_CONVERSION = YES;
				CLANG_WARN_NON_LITERAL_NULL_CONVERSION = YES;
				CLANG_WARN_OBJC_IMPLICIT_RETAIN_SELF = YES;
				CLANG_WARN_OBJC_LITERAL_CONVERSION = YES;
				CLANG_WARN_OBJC_ROOT_CLASS = YES_ERROR;
				CLANG_WARN_QUOTED_INCLUDE_IN_FRAMEWORK_HEADER = YES;
				CLANG_WARN_RANGE_LOOP_ANALYSIS = YES;
				CLANG_WARN_STRICT_PROTOTYPES = YES;
				CLANG_WARN_SUSPICIOUS_MOVE = YES;
				CLANG_WARN_UNGUARDED_AVAILABILITY = YES_AGGRESSIVE;
				CLANG_WARN_UNREACHABLE_CODE = YES;
				CLANG_WARN__DUPLICATE_METHOD_MATCH = YES;
				COPY_PHASE_STRIP = NO;
				DEBUG_INFORMATION_FORMAT = "dwarf-with-dsym";
				ENABLE_NS_ASSERTIONS = NO;
				ENABLE_STRICT_OBJC_MSGSEND = YES;
				ENABLE_USER_SCRIPT_SANDBOXING = YES;
				GCC_C_LANGUAGE_STANDARD = gnu17;
				GCC_NO_COMMON_BLOCKS = YES;
				GCC_WARN_64_TO_32_BIT_CONVERSION = YES;
				GCC_WARN_ABOUT_RETURN_TYPE = YES_ERROR;
				GCC_WARN_UNDECLARED_SELECTOR = YES;
				GCC_WARN_UNINITIALIZED_AUTOS = YES_AGGRESSIVE;
				GCC_WARN_UNUSED_FUNCTION = YES;
				GCC_WARN_UNUSED_VARIABLE = YES;
				IPHONEOS_DEPLOYMENT_TARGET = 16.0;
				LOCALIZATION_PREFERS_STRING_CATALOGS = YES;
				MTL_ENABLE_DEBUG_INFO = NO;
				MTL_FAST_MATH = YES;
				SDKROOT = iphoneos;
				SWIFT_COMPILATION_MODE = wholemodule;
				VALIDATE_PRODUCT = YES;
			};
			name = Release;
		};
		3F8F95132C290C27001A1697 /* Debug */ = {
			isa = XCBuildConfiguration;
			buildSettings = {
				ALWAYS_EMBED_SWIFT_STANDARD_LIBRARIES = YES;
				ASSETCATALOG_COMPILER_APPICON_NAME = AppIcon;
				ASSETCATALOG_COMPILER_GLOBAL_ACCENT_COLOR_NAME = AccentColor;
				ASSETCATALOG_COMPILER_INCLUDE_ALL_APPICON_ASSETS = NO;
				CODE_SIGN_ENTITLEMENTS = NTPUOne/NTPUOne.entitlements;
				CODE_SIGN_STYLE = Automatic;
				CURRENT_PROJECT_VERSION = 3;
				DEBUG_INFORMATION_FORMAT = "dwarf-with-dsym";
				DEVELOPMENT_ASSET_PATHS = "\"NTPUOne/Preview Content\"";
				DEVELOPMENT_TEAM = T593T3727N;
				ENABLE_PREVIEWS = YES;
				GENERATE_INFOPLIST_FILE = YES;
				INFOPLIST_FILE = NTPUOne/Info.plist;
				INFOPLIST_KEY_CFBundleDisplayName = "NTPU one";
				INFOPLIST_KEY_LSApplicationCategoryType = "public.app-category.lifestyle";
				INFOPLIST_KEY_LSSupportsOpeningDocumentsInPlace = YES;
				INFOPLIST_KEY_NSUserTrackingUsageDescription = "This identifier will be used to deliver personalized ads to you.";
				INFOPLIST_KEY_UIApplicationSceneManifest_Generation = YES;
				INFOPLIST_KEY_UIApplicationSupportsIndirectInputEvents = YES;
				INFOPLIST_KEY_UILaunchScreen_Generation = YES;
				INFOPLIST_KEY_UILaunchStoryboardName = "Launch Screen.storyboard";
				INFOPLIST_KEY_UISupportedInterfaceOrientations = UIInterfaceOrientationPortrait;
				INFOPLIST_KEY_UIUserInterfaceStyle = Light;
				IPHONEOS_DEPLOYMENT_TARGET = 16.0;
				LD_RUNPATH_SEARCH_PATHS = (
					"$(inherited)",
					"@executable_path/Frameworks",
				);
				MARKETING_VERSION = 1.1;
				"OTHER_LDFLAGS[arch=*]" = "-ObjC";
				PRODUCT_BUNDLE_IDENTIFIER = com.xujk.NTPUOne;
				PRODUCT_NAME = "$(TARGET_NAME)";
				SUPPORTED_PLATFORMS = "iphoneos iphonesimulator";
				SUPPORTS_MACCATALYST = NO;
				SUPPORTS_MAC_DESIGNED_FOR_IPHONE_IPAD = NO;
				SUPPORTS_XR_DESIGNED_FOR_IPHONE_IPAD = NO;
				SWIFT_EMIT_LOC_STRINGS = YES;
				SWIFT_VERSION = 5.0;
				TARGETED_DEVICE_FAMILY = 1;
			};
			name = Debug;
		};
		3F8F95142C290C27001A1697 /* Release */ = {
			isa = XCBuildConfiguration;
			buildSettings = {
				ALWAYS_EMBED_SWIFT_STANDARD_LIBRARIES = YES;
				ASSETCATALOG_COMPILER_APPICON_NAME = AppIcon;
				ASSETCATALOG_COMPILER_GLOBAL_ACCENT_COLOR_NAME = AccentColor;
				ASSETCATALOG_COMPILER_INCLUDE_ALL_APPICON_ASSETS = NO;
				CODE_SIGN_ENTITLEMENTS = NTPUOne/NTPUOne.entitlements;
				CODE_SIGN_STYLE = Automatic;
				CURRENT_PROJECT_VERSION = 3;
				DEVELOPMENT_ASSET_PATHS = "\"NTPUOne/Preview Content\"";
				DEVELOPMENT_TEAM = T593T3727N;
				ENABLE_PREVIEWS = YES;
				GENERATE_INFOPLIST_FILE = YES;
				INFOPLIST_FILE = NTPUOne/Info.plist;
				INFOPLIST_KEY_CFBundleDisplayName = "NTPU one";
				INFOPLIST_KEY_LSApplicationCategoryType = "public.app-category.lifestyle";
				INFOPLIST_KEY_LSSupportsOpeningDocumentsInPlace = YES;
				INFOPLIST_KEY_NSUserTrackingUsageDescription = "This identifier will be used to deliver personalized ads to you.";
				INFOPLIST_KEY_UIApplicationSceneManifest_Generation = YES;
				INFOPLIST_KEY_UIApplicationSupportsIndirectInputEvents = YES;
				INFOPLIST_KEY_UILaunchScreen_Generation = YES;
				INFOPLIST_KEY_UILaunchStoryboardName = "Launch Screen.storyboard";
				INFOPLIST_KEY_UISupportedInterfaceOrientations = UIInterfaceOrientationPortrait;
				INFOPLIST_KEY_UIUserInterfaceStyle = Light;
				IPHONEOS_DEPLOYMENT_TARGET = 16.0;
				LD_RUNPATH_SEARCH_PATHS = (
					"$(inherited)",
					"@executable_path/Frameworks",
				);
				MARKETING_VERSION = 1.1;
				PRODUCT_BUNDLE_IDENTIFIER = com.xujk.NTPUOne;
				PRODUCT_NAME = "$(TARGET_NAME)";
				SUPPORTED_PLATFORMS = "iphoneos iphonesimulator";
				SUPPORTS_MACCATALYST = NO;
				SUPPORTS_MAC_DESIGNED_FOR_IPHONE_IPAD = NO;
				SUPPORTS_XR_DESIGNED_FOR_IPHONE_IPAD = NO;
				SWIFT_EMIT_LOC_STRINGS = YES;
				SWIFT_VERSION = 5.0;
				TARGETED_DEVICE_FAMILY = 1;
			};
			name = Release;
		};
/* End XCBuildConfiguration section */

/* Begin XCConfigurationList section */
		3F8B9F952C759765007BF30B /* Build configuration list for PBXNativeTarget "NextCourseWidgetExtension" */ = {
			isa = XCConfigurationList;
			buildConfigurations = (
				3F8B9F962C759765007BF30B /* Debug */,
				3F8B9F972C759765007BF30B /* Release */,
			);
			defaultConfigurationIsVisible = 0;
			defaultConfigurationName = Release;
		};
		3F8F94FD2C290C25001A1697 /* Build configuration list for PBXProject "NTPUOne" */ = {
			isa = XCConfigurationList;
			buildConfigurations = (
				3F8F95102C290C27001A1697 /* Debug */,
				3F8F95112C290C27001A1697 /* Release */,
			);
			defaultConfigurationIsVisible = 0;
			defaultConfigurationName = Release;
		};
		3F8F95122C290C27001A1697 /* Build configuration list for PBXNativeTarget "NTPUOne" */ = {
			isa = XCConfigurationList;
			buildConfigurations = (
				3F8F95132C290C27001A1697 /* Debug */,
				3F8F95142C290C27001A1697 /* Release */,
			);
			defaultConfigurationIsVisible = 0;
			defaultConfigurationName = Release;
		};
/* End XCConfigurationList section */

/* Begin XCRemoteSwiftPackageReference section */
		3F59B8342C69F2E100AFB700 /* XCRemoteSwiftPackageReference "CalendarKit" */ = {
			isa = XCRemoteSwiftPackageReference;
			repositoryURL = "https://github.com/richardtop/CalendarKit.git";
			requirement = {
				kind = upToNextMajorVersion;
				minimumVersion = 1.1.10;
			};
		};
		3F9062782C2C09AE00B9F24A /* XCRemoteSwiftPackageReference "firebase-ios-sdk" */ = {
			isa = XCRemoteSwiftPackageReference;
			repositoryURL = "https://github.com/firebase/firebase-ios-sdk";
			requirement = {
				kind = upToNextMajorVersion;
				minimumVersion = 10.28.1;
			};
		};
		3F9062CB2C2D0C9200B9F24A /* XCRemoteSwiftPackageReference "swift-package-manager-google-mobile-ads" */ = {
			isa = XCRemoteSwiftPackageReference;
			repositoryURL = "https://github.com/googleads/swift-package-manager-google-mobile-ads.git";
			requirement = {
				kind = upToNextMajorVersion;
				minimumVersion = 11.6.0;
			};
		};
		3FDF355F2C86946900952C69 /* XCRemoteSwiftPackageReference "SwiftSoup" */ = {
			isa = XCRemoteSwiftPackageReference;
			repositoryURL = "https://github.com/scinfu/SwiftSoup.git";
			requirement = {
				kind = upToNextMajorVersion;
				minimumVersion = 2.7.5;
			};
		};
/* End XCRemoteSwiftPackageReference section */

/* Begin XCSwiftPackageProductDependency section */
		3F59B8352C69F2E200AFB700 /* CalendarKit */ = {
			isa = XCSwiftPackageProductDependency;
			package = 3F59B8342C69F2E100AFB700 /* XCRemoteSwiftPackageReference "CalendarKit" */;
			productName = CalendarKit;
		};
		3F9062792C2C09AE00B9F24A /* FirebaseAnalytics */ = {
			isa = XCSwiftPackageProductDependency;
			package = 3F9062782C2C09AE00B9F24A /* XCRemoteSwiftPackageReference "firebase-ios-sdk" */;
			productName = FirebaseAnalytics;
		};
		3F90627B2C2C09AE00B9F24A /* FirebaseAnalyticsOnDeviceConversion */ = {
			isa = XCSwiftPackageProductDependency;
			package = 3F9062782C2C09AE00B9F24A /* XCRemoteSwiftPackageReference "firebase-ios-sdk" */;
			productName = FirebaseAnalyticsOnDeviceConversion;
		};
		3F90627D2C2C09AE00B9F24A /* FirebaseAnalyticsSwift */ = {
			isa = XCSwiftPackageProductDependency;
			package = 3F9062782C2C09AE00B9F24A /* XCRemoteSwiftPackageReference "firebase-ios-sdk" */;
			productName = FirebaseAnalyticsSwift;
		};
		3F90627F2C2C09AE00B9F24A /* FirebaseAnalyticsWithoutAdIdSupport */ = {
			isa = XCSwiftPackageProductDependency;
			package = 3F9062782C2C09AE00B9F24A /* XCRemoteSwiftPackageReference "firebase-ios-sdk" */;
			productName = FirebaseAnalyticsWithoutAdIdSupport;
		};
		3F9062812C2C09AE00B9F24A /* FirebaseAppCheck */ = {
			isa = XCSwiftPackageProductDependency;
			package = 3F9062782C2C09AE00B9F24A /* XCRemoteSwiftPackageReference "firebase-ios-sdk" */;
			productName = FirebaseAppCheck;
		};
		3F9062852C2C18D300B9F24A /* FirebaseAppDistribution-Beta */ = {
			isa = XCSwiftPackageProductDependency;
			package = 3F9062782C2C09AE00B9F24A /* XCRemoteSwiftPackageReference "firebase-ios-sdk" */;
			productName = "FirebaseAppDistribution-Beta";
		};
		3F9062872C2C18D300B9F24A /* FirebaseAuth */ = {
			isa = XCSwiftPackageProductDependency;
			package = 3F9062782C2C09AE00B9F24A /* XCRemoteSwiftPackageReference "firebase-ios-sdk" */;
			productName = FirebaseAuth;
		};
		3F9062892C2C18D300B9F24A /* FirebaseAuthCombine-Community */ = {
			isa = XCSwiftPackageProductDependency;
			package = 3F9062782C2C09AE00B9F24A /* XCRemoteSwiftPackageReference "firebase-ios-sdk" */;
			productName = "FirebaseAuthCombine-Community";
		};
		3F90628B2C2C18D300B9F24A /* FirebaseCrashlytics */ = {
			isa = XCSwiftPackageProductDependency;
			package = 3F9062782C2C09AE00B9F24A /* XCRemoteSwiftPackageReference "firebase-ios-sdk" */;
			productName = FirebaseCrashlytics;
		};
		3F90628D2C2C18D300B9F24A /* FirebaseDatabase */ = {
			isa = XCSwiftPackageProductDependency;
			package = 3F9062782C2C09AE00B9F24A /* XCRemoteSwiftPackageReference "firebase-ios-sdk" */;
			productName = FirebaseDatabase;
		};
		3F90628F2C2C18D300B9F24A /* FirebaseDatabaseSwift */ = {
			isa = XCSwiftPackageProductDependency;
			package = 3F9062782C2C09AE00B9F24A /* XCRemoteSwiftPackageReference "firebase-ios-sdk" */;
			productName = FirebaseDatabaseSwift;
		};
		3F9062912C2C18D300B9F24A /* FirebaseDynamicLinks */ = {
			isa = XCSwiftPackageProductDependency;
			package = 3F9062782C2C09AE00B9F24A /* XCRemoteSwiftPackageReference "firebase-ios-sdk" */;
			productName = FirebaseDynamicLinks;
		};
		3F9062932C2C18D300B9F24A /* FirebaseFirestore */ = {
			isa = XCSwiftPackageProductDependency;
			package = 3F9062782C2C09AE00B9F24A /* XCRemoteSwiftPackageReference "firebase-ios-sdk" */;
			productName = FirebaseFirestore;
		};
		3F9062952C2C18D300B9F24A /* FirebaseFirestoreCombine-Community */ = {
			isa = XCSwiftPackageProductDependency;
			package = 3F9062782C2C09AE00B9F24A /* XCRemoteSwiftPackageReference "firebase-ios-sdk" */;
			productName = "FirebaseFirestoreCombine-Community";
		};
		3F9062972C2C18D300B9F24A /* FirebaseFirestoreSwift */ = {
			isa = XCSwiftPackageProductDependency;
			package = 3F9062782C2C09AE00B9F24A /* XCRemoteSwiftPackageReference "firebase-ios-sdk" */;
			productName = FirebaseFirestoreSwift;
		};
		3F9062992C2C18D300B9F24A /* FirebaseFunctions */ = {
			isa = XCSwiftPackageProductDependency;
			package = 3F9062782C2C09AE00B9F24A /* XCRemoteSwiftPackageReference "firebase-ios-sdk" */;
			productName = FirebaseFunctions;
		};
		3F90629B2C2C18D300B9F24A /* FirebaseFunctionsCombine-Community */ = {
			isa = XCSwiftPackageProductDependency;
			package = 3F9062782C2C09AE00B9F24A /* XCRemoteSwiftPackageReference "firebase-ios-sdk" */;
			productName = "FirebaseFunctionsCombine-Community";
		};
		3F90629D2C2C18D300B9F24A /* FirebaseInAppMessaging-Beta */ = {
			isa = XCSwiftPackageProductDependency;
			package = 3F9062782C2C09AE00B9F24A /* XCRemoteSwiftPackageReference "firebase-ios-sdk" */;
			productName = "FirebaseInAppMessaging-Beta";
		};
		3F90629F2C2C18D300B9F24A /* FirebaseStorage */ = {
			isa = XCSwiftPackageProductDependency;
			package = 3F9062782C2C09AE00B9F24A /* XCRemoteSwiftPackageReference "firebase-ios-sdk" */;
			productName = FirebaseStorage;
		};
		3F9062A52C2C290E00B9F24A /* FirebaseInAppMessagingSwift-Beta */ = {
			isa = XCSwiftPackageProductDependency;
			package = 3F9062782C2C09AE00B9F24A /* XCRemoteSwiftPackageReference "firebase-ios-sdk" */;
			productName = "FirebaseInAppMessagingSwift-Beta";
		};
		3F9062A72C2C290E00B9F24A /* FirebaseInstallations */ = {
			isa = XCSwiftPackageProductDependency;
			package = 3F9062782C2C09AE00B9F24A /* XCRemoteSwiftPackageReference "firebase-ios-sdk" */;
			productName = FirebaseInstallations;
		};
		3F9062A92C2C290E00B9F24A /* FirebaseMLModelDownloader */ = {
			isa = XCSwiftPackageProductDependency;
			package = 3F9062782C2C09AE00B9F24A /* XCRemoteSwiftPackageReference "firebase-ios-sdk" */;
			productName = FirebaseMLModelDownloader;
		};
		3F9062AB2C2C290E00B9F24A /* FirebaseMessaging */ = {
			isa = XCSwiftPackageProductDependency;
			package = 3F9062782C2C09AE00B9F24A /* XCRemoteSwiftPackageReference "firebase-ios-sdk" */;
			productName = FirebaseMessaging;
		};
		3F9062AD2C2C290E00B9F24A /* FirebasePerformance */ = {
			isa = XCSwiftPackageProductDependency;
			package = 3F9062782C2C09AE00B9F24A /* XCRemoteSwiftPackageReference "firebase-ios-sdk" */;
			productName = FirebasePerformance;
		};
		3F9062AF2C2C290E00B9F24A /* FirebaseRemoteConfig */ = {
			isa = XCSwiftPackageProductDependency;
			package = 3F9062782C2C09AE00B9F24A /* XCRemoteSwiftPackageReference "firebase-ios-sdk" */;
			productName = FirebaseRemoteConfig;
		};
		3F9062B12C2C290E00B9F24A /* FirebaseRemoteConfigSwift */ = {
			isa = XCSwiftPackageProductDependency;
			package = 3F9062782C2C09AE00B9F24A /* XCRemoteSwiftPackageReference "firebase-ios-sdk" */;
			productName = FirebaseRemoteConfigSwift;
		};
		3F9062B32C2C290E00B9F24A /* FirebaseStorageCombine-Community */ = {
			isa = XCSwiftPackageProductDependency;
			package = 3F9062782C2C09AE00B9F24A /* XCRemoteSwiftPackageReference "firebase-ios-sdk" */;
			productName = "FirebaseStorageCombine-Community";
		};
		3F9062B52C2C290E00B9F24A /* FirebaseVertexAI-Preview */ = {
			isa = XCSwiftPackageProductDependency;
			package = 3F9062782C2C09AE00B9F24A /* XCRemoteSwiftPackageReference "firebase-ios-sdk" */;
			productName = "FirebaseVertexAI-Preview";
		};
		3F9062CC2C2D0C9200B9F24A /* GoogleMobileAds */ = {
			isa = XCSwiftPackageProductDependency;
			package = 3F9062CB2C2D0C9200B9F24A /* XCRemoteSwiftPackageReference "swift-package-manager-google-mobile-ads" */;
			productName = GoogleMobileAds;
		};
		3FDF35602C86946900952C69 /* SwiftSoup */ = {
			isa = XCSwiftPackageProductDependency;
			package = 3FDF355F2C86946900952C69 /* XCRemoteSwiftPackageReference "SwiftSoup" */;
			productName = SwiftSoup;
		};
/* End XCSwiftPackageProductDependency section */

/* Begin XCVersionGroup section */
		3F8B9F712C70CD3E007BF30B /* CourseModel.xcdatamodeld */ = {
			isa = XCVersionGroup;
			children = (
				3F8B9F722C70CD3E007BF30B /* CourseModel.xcdatamodel */,
			);
			currentVersion = 3F8B9F722C70CD3E007BF30B /* CourseModel.xcdatamodel */;
			path = CourseModel.xcdatamodeld;
			sourceTree = "<group>";
			versionGroupType = wrapper.xcdatamodel;
		};
/* End XCVersionGroup section */
	};
	rootObject = 3F8F94FA2C290C25001A1697 /* Project object */;
}
